// !$*UTF8*$!
{
	archiveVersion = 1;
	classes = {
	};
	objectVersion = 56;
	objects = {

/* Begin PBXBuildFile section */
		AFF48B272C819F8B005D45D9 /* FrontyardBirdsApp.swift in Sources */ = {isa = PBXBuildFile; fileRef = AFF48B262C819F8B005D45D9 /* FrontyardBirdsApp.swift */; };
		AFF48B292C819F8B005D45D9 /* ContentView.swift in Sources */ = {isa = PBXBuildFile; fileRef = AFF48B282C819F8B005D45D9 /* ContentView.swift */; };
		AFF48B2B2C819F8C005D45D9 /* Assets.xcassets in Resources */ = {isa = PBXBuildFile; fileRef = AFF48B2A2C819F8C005D45D9 /* Assets.xcassets */; };
		AFF48B522C81A824005D45D9 /* FrontyardBirdsWatchApp.swift in Sources */ = {isa = PBXBuildFile; fileRef = AFF48B512C81A824005D45D9 /* FrontyardBirdsWatchApp.swift */; };
		AFF48B542C81A824005D45D9 /* ContentView.swift in Sources */ = {isa = PBXBuildFile; fileRef = AFF48B532C81A824005D45D9 /* ContentView.swift */; };
		AFF48B562C81A826005D45D9 /* Assets.xcassets in Resources */ = {isa = PBXBuildFile; fileRef = AFF48B552C81A826005D45D9 /* Assets.xcassets */; };
		AFF48B5C2C81A826005D45D9 /* FrontyardBirds Watch Watch App.app in Embed Watch Content */ = {isa = PBXBuildFile; fileRef = AFF48B4F2C81A824005D45D9 /* FrontyardBirds Watch Watch App.app */; settings = {ATTRIBUTES = (RemoveHeadersOnCopy, ); }; };
		AFF48B842C81ACDD005D45D9 /* WidgetKit.framework in Frameworks */ = {isa = PBXBuildFile; fileRef = AFF48B832C81ACDD005D45D9 /* WidgetKit.framework */; };
		AFF48B862C81ACDD005D45D9 /* SwiftUI.framework in Frameworks */ = {isa = PBXBuildFile; fileRef = AFF48B852C81ACDD005D45D9 /* SwiftUI.framework */; };
		AFF48B892C81ACDD005D45D9 /* WidgetsBundle.swift in Sources */ = {isa = PBXBuildFile; fileRef = AFF48B882C81ACDD005D45D9 /* WidgetsBundle.swift */; };
		AFF48B8B2C81ACDD005D45D9 /* Widgets.swift in Sources */ = {isa = PBXBuildFile; fileRef = AFF48B8A2C81ACDD005D45D9 /* Widgets.swift */; };
		AFF48B8D2C81ACDD005D45D9 /* AppIntent.swift in Sources */ = {isa = PBXBuildFile; fileRef = AFF48B8C2C81ACDD005D45D9 /* AppIntent.swift */; };
		AFF48B8F2C81ACDE005D45D9 /* Assets.xcassets in Resources */ = {isa = PBXBuildFile; fileRef = AFF48B8E2C81ACDE005D45D9 /* Assets.xcassets */; };
		AFF48B942C81ACDE005D45D9 /* WidgetsExtension.appex in Embed Foundation Extensions */ = {isa = PBXBuildFile; fileRef = AFF48B812C81ACDD005D45D9 /* WidgetsExtension.appex */; settings = {ATTRIBUTES = (RemoveHeadersOnCopy, ); }; };
/* End PBXBuildFile section */

/* Begin PBXContainerItemProxy section */
		AFF48B5A2C81A826005D45D9 /* PBXContainerItemProxy */ = {
			isa = PBXContainerItemProxy;
			containerPortal = AFF48B1B2C819F8B005D45D9 /* Project object */;
			proxyType = 1;
			remoteGlobalIDString = AFF48B4E2C81A824005D45D9;
			remoteInfo = "FrontyardBirds Watch Watch App";
		};
		AFF48B922C81ACDE005D45D9 /* PBXContainerItemProxy */ = {
			isa = PBXContainerItemProxy;
			containerPortal = AFF48B1B2C819F8B005D45D9 /* Project object */;
			proxyType = 1;
			remoteGlobalIDString = AFF48B802C81ACDD005D45D9;
			remoteInfo = WidgetsExtension;
		};
/* End PBXContainerItemProxy section */

/* Begin PBXCopyFilesBuildPhase section */
		AFF48B5D2C81A826005D45D9 /* Embed Watch Content */ = {
			isa = PBXCopyFilesBuildPhase;
			buildActionMask = 2147483647;
			dstPath = "$(CONTENTS_FOLDER_PATH)/Watch";
			dstSubfolderSpec = 16;
			files = (
				AFF48B5C2C81A826005D45D9 /* FrontyardBirds Watch Watch App.app in Embed Watch Content */,
			);
			name = "Embed Watch Content";
			runOnlyForDeploymentPostprocessing = 0;
		};
		AFF48B952C81ACDE005D45D9 /* Embed Foundation Extensions */ = {
			isa = PBXCopyFilesBuildPhase;
			buildActionMask = 2147483647;
			dstPath = "";
			dstSubfolderSpec = 13;
			files = (
				AFF48B942C81ACDE005D45D9 /* WidgetsExtension.appex in Embed Foundation Extensions */,
			);
			name = "Embed Foundation Extensions";
			runOnlyForDeploymentPostprocessing = 0;
		};
/* End PBXCopyFilesBuildPhase section */

/* Begin PBXFileReference section */
		AFF48B232C819F8B005D45D9 /* FrontyardBirds.app */ = {isa = PBXFileReference; explicitFileType = wrapper.application; includeInIndex = 0; path = FrontyardBirds.app; sourceTree = BUILT_PRODUCTS_DIR; };
		AFF48B262C819F8B005D45D9 /* FrontyardBirdsApp.swift */ = {isa = PBXFileReference; lastKnownFileType = sourcecode.swift; path = FrontyardBirdsApp.swift; sourceTree = "<group>"; };
		AFF48B282C819F8B005D45D9 /* ContentView.swift */ = {isa = PBXFileReference; lastKnownFileType = sourcecode.swift; path = ContentView.swift; sourceTree = "<group>"; };
		AFF48B2A2C819F8C005D45D9 /* Assets.xcassets */ = {isa = PBXFileReference; lastKnownFileType = folder.assetcatalog; path = Assets.xcassets; sourceTree = "<group>"; };
		AFF48B2C2C819F8C005D45D9 /* Multiplatform.entitlements */ = {isa = PBXFileReference; lastKnownFileType = text.plist.entitlements; path = Multiplatform.entitlements; sourceTree = "<group>"; };
		AFF48B4F2C81A824005D45D9 /* FrontyardBirds Watch Watch App.app */ = {isa = PBXFileReference; explicitFileType = wrapper.application; includeInIndex = 0; path = "FrontyardBirds Watch Watch App.app"; sourceTree = BUILT_PRODUCTS_DIR; };
		AFF48B512C81A824005D45D9 /* FrontyardBirdsWatchApp.swift */ = {isa = PBXFileReference; lastKnownFileType = sourcecode.swift; path = FrontyardBirdsWatchApp.swift; sourceTree = "<group>"; };
		AFF48B532C81A824005D45D9 /* ContentView.swift */ = {isa = PBXFileReference; lastKnownFileType = sourcecode.swift; path = ContentView.swift; sourceTree = "<group>"; };
		AFF48B552C81A826005D45D9 /* Assets.xcassets */ = {isa = PBXFileReference; lastKnownFileType = folder.assetcatalog; path = Assets.xcassets; sourceTree = "<group>"; };
		AFF48B812C81ACDD005D45D9 /* WidgetsExtension.appex */ = {isa = PBXFileReference; explicitFileType = "wrapper.app-extension"; includeInIndex = 0; path = WidgetsExtension.appex; sourceTree = BUILT_PRODUCTS_DIR; };
		AFF48B832C81ACDD005D45D9 /* WidgetKit.framework */ = {isa = PBXFileReference; lastKnownFileType = wrapper.framework; name = WidgetKit.framework; path = /System/Library/Frameworks/WidgetKit.framework; sourceTree = "<absolute>"; };
		AFF48B852C81ACDD005D45D9 /* SwiftUI.framework */ = {isa = PBXFileReference; lastKnownFileType = wrapper.framework; name = SwiftUI.framework; path = /System/Library/Frameworks/SwiftUI.framework; sourceTree = "<absolute>"; };
		AFF48B882C81ACDD005D45D9 /* WidgetsBundle.swift */ = {isa = PBXFileReference; lastKnownFileType = sourcecode.swift; path = WidgetsBundle.swift; sourceTree = "<group>"; };
		AFF48B8A2C81ACDD005D45D9 /* Widgets.swift */ = {isa = PBXFileReference; lastKnownFileType = sourcecode.swift; path = Widgets.swift; sourceTree = "<group>"; };
		AFF48B8C2C81ACDD005D45D9 /* AppIntent.swift */ = {isa = PBXFileReference; lastKnownFileType = sourcecode.swift; path = AppIntent.swift; sourceTree = "<group>"; };
		AFF48B8E2C81ACDE005D45D9 /* Assets.xcassets */ = {isa = PBXFileReference; lastKnownFileType = folder.assetcatalog; path = Assets.xcassets; sourceTree = "<group>"; };
		AFF48B902C81ACDE005D45D9 /* Info.plist */ = {isa = PBXFileReference; lastKnownFileType = text.plist.xml; path = Info.plist; sourceTree = "<group>"; };
		AFF48B912C81ACDE005D45D9 /* Widgets.entitlements */ = {isa = PBXFileReference; lastKnownFileType = text.plist.entitlements; path = Widgets.entitlements; sourceTree = "<group>"; };
/* End PBXFileReference section */

/* Begin PBXFrameworksBuildPhase section */
		AFF48B202C819F8B005D45D9 /* Frameworks */ = {
			isa = PBXFrameworksBuildPhase;
			buildActionMask = 2147483647;
			files = (
			);
			runOnlyForDeploymentPostprocessing = 0;
		};
		AFF48B4C2C81A824005D45D9 /* Frameworks */ = {
			isa = PBXFrameworksBuildPhase;
			buildActionMask = 2147483647;
			files = (
			);
			runOnlyForDeploymentPostprocessing = 0;
		};
		AFF48B7E2C81ACDD005D45D9 /* Frameworks */ = {
			isa = PBXFrameworksBuildPhase;
			buildActionMask = 2147483647;
			files = (
				AFF48B862C81ACDD005D45D9 /* SwiftUI.framework in Frameworks */,
				AFF48B842C81ACDD005D45D9 /* WidgetKit.framework in Frameworks */,
			);
			runOnlyForDeploymentPostprocessing = 0;
		};
/* End PBXFrameworksBuildPhase section */

/* Begin PBXGroup section */
		AFF48B1A2C819F8B005D45D9 = {
			isa = PBXGroup;
			children = (
				AFF48B252C819F8B005D45D9 /* Multiplatform */,
				AFF48B502C81A824005D45D9 /* Watch */,
				AFF48B872C81ACDD005D45D9 /* Widgets */,
				AFF48B822C81ACDD005D45D9 /* Frameworks */,
				AFF48B242C819F8B005D45D9 /* Products */,
			);
			sourceTree = "<group>";
		};
		AFF48B242C819F8B005D45D9 /* Products */ = {
			isa = PBXGroup;
			children = (
				AFF48B232C819F8B005D45D9 /* FrontyardBirds.app */,
				AFF48B4F2C81A824005D45D9 /* FrontyardBirds Watch Watch App.app */,
				AFF48B812C81ACDD005D45D9 /* WidgetsExtension.appex */,
			);
			name = Products;
			sourceTree = "<group>";
		};
		AFF48B252C819F8B005D45D9 /* Multiplatform */ = {
			isa = PBXGroup;
			children = (
				AFF48B262C819F8B005D45D9 /* FrontyardBirdsApp.swift */,
				AFF48B282C819F8B005D45D9 /* ContentView.swift */,
				AFF48B2A2C819F8C005D45D9 /* Assets.xcassets */,
				AFF48B2C2C819F8C005D45D9 /* Multiplatform.entitlements */,
			);
			path = Multiplatform;
			sourceTree = "<group>";
		};
		AFF48B502C81A824005D45D9 /* Watch */ = {
			isa = PBXGroup;
			children = (
				AFF48B512C81A824005D45D9 /* FrontyardBirdsWatchApp.swift */,
				AFF48B532C81A824005D45D9 /* ContentView.swift */,
				AFF48B552C81A826005D45D9 /* Assets.xcassets */,
			);
			path = Watch;
			sourceTree = "<group>";
		};
		AFF48B822C81ACDD005D45D9 /* Frameworks */ = {
			isa = PBXGroup;
			children = (
				AFF48B832C81ACDD005D45D9 /* WidgetKit.framework */,
				AFF48B852C81ACDD005D45D9 /* SwiftUI.framework */,
			);
			name = Frameworks;
			sourceTree = "<group>";
		};
		AFF48B872C81ACDD005D45D9 /* Widgets */ = {
			isa = PBXGroup;
			children = (
				AFF48B882C81ACDD005D45D9 /* WidgetsBundle.swift */,
				AFF48B8A2C81ACDD005D45D9 /* Widgets.swift */,
				AFF48B8C2C81ACDD005D45D9 /* AppIntent.swift */,
				AFF48B8E2C81ACDE005D45D9 /* Assets.xcassets */,
				AFF48B902C81ACDE005D45D9 /* Info.plist */,
				AFF48B912C81ACDE005D45D9 /* Widgets.entitlements */,
			);
			path = Widgets;
			sourceTree = "<group>";
		};
/* End PBXGroup section */

/* Begin PBXNativeTarget section */
		AFF48B222C819F8B005D45D9 /* FrontyardBirds */ = {
			isa = PBXNativeTarget;
			buildConfigurationList = AFF48B322C819F8C005D45D9 /* Build configuration list for PBXNativeTarget "FrontyardBirds" */;
			buildPhases = (
				AFF48B1F2C819F8B005D45D9 /* Sources */,
				AFF48B202C819F8B005D45D9 /* Frameworks */,
				AFF48B212C819F8B005D45D9 /* Resources */,
				AFF48B5D2C81A826005D45D9 /* Embed Watch Content */,
				AFF48B952C81ACDE005D45D9 /* Embed Foundation Extensions */,
			);
			buildRules = (
			);
			dependencies = (
				AFF48B5B2C81A826005D45D9 /* PBXTargetDependency */,
				AFF48B932C81ACDE005D45D9 /* PBXTargetDependency */,
			);
			name = FrontyardBirds;
			productName = FrontyardBirds;
			productReference = AFF48B232C819F8B005D45D9 /* FrontyardBirds.app */;
			productType = "com.apple.product-type.application";
		};
		AFF48B4E2C81A824005D45D9 /* FrontyardBirds Watch Watch App */ = {
			isa = PBXNativeTarget;
			buildConfigurationList = AFF48B602C81A826005D45D9 /* Build configuration list for PBXNativeTarget "FrontyardBirds Watch Watch App" */;
			buildPhases = (
				AFF48B4B2C81A824005D45D9 /* Sources */,
				AFF48B4C2C81A824005D45D9 /* Frameworks */,
				AFF48B4D2C81A824005D45D9 /* Resources */,
			);
			buildRules = (
			);
			dependencies = (
			);
			name = "FrontyardBirds Watch Watch App";
			productName = "FrontyardBirds Watch Watch App";
			productReference = AFF48B4F2C81A824005D45D9 /* FrontyardBirds Watch Watch App.app */;
			productType = "com.apple.product-type.application";
		};
		AFF48B802C81ACDD005D45D9 /* WidgetsExtension */ = {
			isa = PBXNativeTarget;
			buildConfigurationList = AFF48B982C81ACDE005D45D9 /* Build configuration list for PBXNativeTarget "WidgetsExtension" */;
			buildPhases = (
				AFF48B7D2C81ACDD005D45D9 /* Sources */,
				AFF48B7E2C81ACDD005D45D9 /* Frameworks */,
				AFF48B7F2C81ACDD005D45D9 /* Resources */,
			);
			buildRules = (
			);
			dependencies = (
			);
			name = WidgetsExtension;
			productName = WidgetsExtension;
			productReference = AFF48B812C81ACDD005D45D9 /* WidgetsExtension.appex */;
			productType = "com.apple.product-type.app-extension";
		};
/* End PBXNativeTarget section */

/* Begin PBXProject section */
		AFF48B1B2C819F8B005D45D9 /* Project object */ = {
			isa = PBXProject;
			attributes = {
				BuildIndependentTargetsInParallel = 1;
				LastSwiftUpdateCheck = 1540;
				LastUpgradeCheck = 1540;
				TargetAttributes = {
					AFF48B222C819F8B005D45D9 = {
						CreatedOnToolsVersion = 15.4;
					};
					AFF48B4E2C81A824005D45D9 = {
						CreatedOnToolsVersion = 15.4;
					};
					AFF48B802C81ACDD005D45D9 = {
						CreatedOnToolsVersion = 15.4;
					};
				};
			};
			buildConfigurationList = AFF48B1E2C819F8B005D45D9 /* Build configuration list for PBXProject "FrontyardBirds" */;
			compatibilityVersion = "Xcode 14.0";
			developmentRegion = en;
			hasScannedForEncodings = 0;
			knownRegions = (
				en,
				Base,
			);
			mainGroup = AFF48B1A2C819F8B005D45D9;
			productRefGroup = AFF48B242C819F8B005D45D9 /* Products */;
			projectDirPath = "";
			projectRoot = "";
			targets = (
				AFF48B222C819F8B005D45D9 /* FrontyardBirds */,
				AFF48B4E2C81A824005D45D9 /* FrontyardBirds Watch Watch App */,
				AFF48B802C81ACDD005D45D9 /* WidgetsExtension */,
			);
		};
/* End PBXProject section */

/* Begin PBXResourcesBuildPhase section */
		AFF48B212C819F8B005D45D9 /* Resources */ = {
			isa = PBXResourcesBuildPhase;
			buildActionMask = 2147483647;
			files = (
				AFF48B2B2C819F8C005D45D9 /* Assets.xcassets in Resources */,
			);
			runOnlyForDeploymentPostprocessing = 0;
		};
		AFF48B4D2C81A824005D45D9 /* Resources */ = {
			isa = PBXResourcesBuildPhase;
			buildActionMask = 2147483647;
			files = (
				AFF48B562C81A826005D45D9 /* Assets.xcassets in Resources */,
			);
			runOnlyForDeploymentPostprocessing = 0;
		};
		AFF48B7F2C81ACDD005D45D9 /* Resources */ = {
			isa = PBXResourcesBuildPhase;
			buildActionMask = 2147483647;
			files = (
				AFF48B8F2C81ACDE005D45D9 /* Assets.xcassets in Resources */,
			);
			runOnlyForDeploymentPostprocessing = 0;
		};
/* End PBXResourcesBuildPhase section */

/* Begin PBXSourcesBuildPhase section */
		AFF48B1F2C819F8B005D45D9 /* Sources */ = {
			isa = PBXSourcesBuildPhase;
			buildActionMask = 2147483647;
			files = (
				AFF48B292C819F8B005D45D9 /* ContentView.swift in Sources */,
				AFF48B272C819F8B005D45D9 /* FrontyardBirdsApp.swift in Sources */,
			);
			runOnlyForDeploymentPostprocessing = 0;
		};
		AFF48B4B2C81A824005D45D9 /* Sources */ = {
			isa = PBXSourcesBuildPhase;
			buildActionMask = 2147483647;
			files = (
				AFF48B542C81A824005D45D9 /* ContentView.swift in Sources */,
				AFF48B522C81A824005D45D9 /* FrontyardBirdsWatchApp.swift in Sources */,
			);
			runOnlyForDeploymentPostprocessing = 0;
		};
		AFF48B7D2C81ACDD005D45D9 /* Sources */ = {
			isa = PBXSourcesBuildPhase;
			buildActionMask = 2147483647;
			files = (
				AFF48B892C81ACDD005D45D9 /* WidgetsBundle.swift in Sources */,
				AFF48B8B2C81ACDD005D45D9 /* Widgets.swift in Sources */,
				AFF48B8D2C81ACDD005D45D9 /* AppIntent.swift in Sources */,
			);
			runOnlyForDeploymentPostprocessing = 0;
		};
/* End PBXSourcesBuildPhase section */

/* Begin PBXTargetDependency section */
		AFF48B5B2C81A826005D45D9 /* PBXTargetDependency */ = {
			isa = PBXTargetDependency;
			target = AFF48B4E2C81A824005D45D9 /* FrontyardBirds Watch Watch App */;
			targetProxy = AFF48B5A2C81A826005D45D9 /* PBXContainerItemProxy */;
		};
		AFF48B932C81ACDE005D45D9 /* PBXTargetDependency */ = {
			isa = PBXTargetDependency;
			target = AFF48B802C81ACDD005D45D9 /* WidgetsExtension */;
			targetProxy = AFF48B922C81ACDE005D45D9 /* PBXContainerItemProxy */;
		};
/* End PBXTargetDependency section */

/* Begin XCBuildConfiguration section */
		AFF48B302C819F8C005D45D9 /* Debug */ = {
			isa = XCBuildConfiguration;
			buildSettings = {
				ALWAYS_SEARCH_USER_PATHS = NO;
				ASSETCATALOG_COMPILER_GENERATE_SWIFT_ASSET_SYMBOL_EXTENSIONS = YES;
				CLANG_ANALYZER_NONNULL = YES;
				CLANG_ANALYZER_NUMBER_OBJECT_CONVERSION = YES_AGGRESSIVE;
				CLANG_CXX_LANGUAGE_STANDARD = "gnu++20";
				CLANG_ENABLE_MODULES = YES;
				CLANG_ENABLE_OBJC_ARC = YES;
				CLANG_ENABLE_OBJC_WEAK = YES;
				CLANG_WARN_BLOCK_CAPTURE_AUTORELEASING = YES;
				CLANG_WARN_BOOL_CONVERSION = YES;
				CLANG_WARN_COMMA = YES;
				CLANG_WARN_CONSTANT_CONVERSION = YES;
				CLANG_WARN_DEPRECATED_OBJC_IMPLEMENTATIONS = YES;
				CLANG_WARN_DIRECT_OBJC_ISA_USAGE = YES_ERROR;
				CLANG_WARN_DOCUMENTATION_COMMENTS = YES;
				CLANG_WARN_EMPTY_BODY = YES;
				CLANG_WARN_ENUM_CONVERSION = YES;
				CLANG_WARN_INFINITE_RECURSION = YES;
				CLANG_WARN_INT_CONVERSION = YES;
				CLANG_WARN_NON_LITERAL_NULL_CONVERSION = YES;
				CLANG_WARN_OBJC_IMPLICIT_RETAIN_SELF = YES;
				CLANG_WARN_OBJC_LITERAL_CONVERSION = YES;
				CLANG_WARN_OBJC_ROOT_CLASS = YES_ERROR;
				CLANG_WARN_QUOTED_INCLUDE_IN_FRAMEWORK_HEADER = YES;
				CLANG_WARN_RANGE_LOOP_ANALYSIS = YES;
				CLANG_WARN_STRICT_PROTOTYPES = YES;
				CLANG_WARN_SUSPICIOUS_MOVE = YES;
				CLANG_WARN_UNGUARDED_AVAILABILITY = YES_AGGRESSIVE;
				CLANG_WARN_UNREACHABLE_CODE = YES;
				CLANG_WARN__DUPLICATE_METHOD_MATCH = YES;
				COPY_PHASE_STRIP = NO;
				DEBUG_INFORMATION_FORMAT = dwarf;
				ENABLE_STRICT_OBJC_MSGSEND = YES;
				ENABLE_TESTABILITY = YES;
				ENABLE_USER_SCRIPT_SANDBOXING = YES;
				GCC_C_LANGUAGE_STANDARD = gnu17;
				GCC_DYNAMIC_NO_PIC = NO;
				GCC_NO_COMMON_BLOCKS = YES;
				GCC_OPTIMIZATION_LEVEL = 0;
				GCC_PREPROCESSOR_DEFINITIONS = (
					"DEBUG=1",
					"$(inherited)",
				);
				GCC_WARN_64_TO_32_BIT_CONVERSION = YES;
				GCC_WARN_ABOUT_RETURN_TYPE = YES_ERROR;
				GCC_WARN_UNDECLARED_SELECTOR = YES;
				GCC_WARN_UNINITIALIZED_AUTOS = YES_AGGRESSIVE;
				GCC_WARN_UNUSED_FUNCTION = YES;
				GCC_WARN_UNUSED_VARIABLE = YES;
				LOCALIZATION_PREFERS_STRING_CATALOGS = YES;
				MTL_ENABLE_DEBUG_INFO = INCLUDE_SOURCE;
				MTL_FAST_MATH = YES;
				ONLY_ACTIVE_ARCH = YES;
				SWIFT_ACTIVE_COMPILATION_CONDITIONS = "DEBUG $(inherited)";
				SWIFT_OPTIMIZATION_LEVEL = "-Onone";
			};
			name = Debug;
		};
		AFF48B312C819F8C005D45D9 /* Release */ = {
			isa = XCBuildConfiguration;
			buildSettings = {
				ALWAYS_SEARCH_USER_PATHS = NO;
				ASSETCATALOG_COMPILER_GENERATE_SWIFT_ASSET_SYMBOL_EXTENSIONS = YES;
				CLANG_ANALYZER_NONNULL = YES;
				CLANG_ANALYZER_NUMBER_OBJECT_CONVERSION = YES_AGGRESSIVE;
				CLANG_CXX_LANGUAGE_STANDARD = "gnu++20";
				CLANG_ENABLE_MODULES = YES;
				CLANG_ENABLE_OBJC_ARC = YES;
				CLANG_ENABLE_OBJC_WEAK = YES;
				CLANG_WARN_BLOCK_CAPTURE_AUTORELEASING = YES;
				CLANG_WARN_BOOL_CONVERSION = YES;
				CLANG_WARN_COMMA = YES;
				CLANG_WARN_CONSTANT_CONVERSION = YES;
				CLANG_WARN_DEPRECATED_OBJC_IMPLEMENTATIONS = YES;
				CLANG_WARN_DIRECT_OBJC_ISA_USAGE = YES_ERROR;
				CLANG_WARN_DOCUMENTATION_COMMENTS = YES;
				CLANG_WARN_EMPTY_BODY = YES;
				CLANG_WARN_ENUM_CONVERSION = YES;
				CLANG_WARN_INFINITE_RECURSION = YES;
				CLANG_WARN_INT_CONVERSION = YES;
				CLANG_WARN_NON_LITERAL_NULL_CONVERSION = YES;
				CLANG_WARN_OBJC_IMPLICIT_RETAIN_SELF = YES;
				CLANG_WARN_OBJC_LITERAL_CONVERSION = YES;
				CLANG_WARN_OBJC_ROOT_CLASS = YES_ERROR;
				CLANG_WARN_QUOTED_INCLUDE_IN_FRAMEWORK_HEADER = YES;
				CLANG_WARN_RANGE_LOOP_ANALYSIS = YES;
				CLANG_WARN_STRICT_PROTOTYPES = YES;
				CLANG_WARN_SUSPICIOUS_MOVE = YES;
				CLANG_WARN_UNGUARDED_AVAILABILITY = YES_AGGRESSIVE;
				CLANG_WARN_UNREACHABLE_CODE = YES;
				CLANG_WARN__DUPLICATE_METHOD_MATCH = YES;
				COPY_PHASE_STRIP = NO;
				DEBUG_INFORMATION_FORMAT = "dwarf-with-dsym";
				ENABLE_NS_ASSERTIONS = NO;
				ENABLE_STRICT_OBJC_MSGSEND = YES;
				ENABLE_USER_SCRIPT_SANDBOXING = YES;
				GCC_C_LANGUAGE_STANDARD = gnu17;
				GCC_NO_COMMON_BLOCKS = YES;
				GCC_WARN_64_TO_32_BIT_CONVERSION = YES;
				GCC_WARN_ABOUT_RETURN_TYPE = YES_ERROR;
				GCC_WARN_UNDECLARED_SELECTOR = YES;
				GCC_WARN_UNINITIALIZED_AUTOS = YES_AGGRESSIVE;
				GCC_WARN_UNUSED_FUNCTION = YES;
				GCC_WARN_UNUSED_VARIABLE = YES;
				LOCALIZATION_PREFERS_STRING_CATALOGS = YES;
				MTL_ENABLE_DEBUG_INFO = NO;
				MTL_FAST_MATH = YES;
				SWIFT_COMPILATION_MODE = wholemodule;
			};
			name = Release;
		};
		AFF48B332C819F8C005D45D9 /* Debug */ = {
			isa = XCBuildConfiguration;
			buildSettings = {
				ALWAYS_EMBED_SWIFT_STANDARD_LIBRARIES = YES;
				ASSETCATALOG_COMPILER_APPICON_NAME = AppIcon;
				ASSETCATALOG_COMPILER_GLOBAL_ACCENT_COLOR_NAME = AccentColor;
				CODE_SIGN_ENTITLEMENTS = Multiplatform/Multiplatform.entitlements;
				CODE_SIGN_STYLE = Automatic;
				CURRENT_PROJECT_VERSION = 1;
				DEVELOPMENT_ASSET_PATHS = "";
				DEVELOPMENT_TEAM = ZWTS2P7AH7;
				ENABLE_HARDENED_RUNTIME = YES;
				ENABLE_PREVIEWS = YES;
				GENERATE_INFOPLIST_FILE = YES;
				"INFOPLIST_KEY_UIApplicationSceneManifest_Generation[sdk=iphoneos*]" = YES;
				"INFOPLIST_KEY_UIApplicationSceneManifest_Generation[sdk=iphonesimulator*]" = YES;
				"INFOPLIST_KEY_UIApplicationSupportsIndirectInputEvents[sdk=iphoneos*]" = YES;
				"INFOPLIST_KEY_UIApplicationSupportsIndirectInputEvents[sdk=iphonesimulator*]" = YES;
				"INFOPLIST_KEY_UILaunchScreen_Generation[sdk=iphoneos*]" = YES;
				"INFOPLIST_KEY_UILaunchScreen_Generation[sdk=iphonesimulator*]" = YES;
				"INFOPLIST_KEY_UIStatusBarStyle[sdk=iphoneos*]" = UIStatusBarStyleDefault;
				"INFOPLIST_KEY_UIStatusBarStyle[sdk=iphonesimulator*]" = UIStatusBarStyleDefault;
				INFOPLIST_KEY_UISupportedInterfaceOrientations_iPad = "UIInterfaceOrientationPortrait UIInterfaceOrientationPortraitUpsideDown UIInterfaceOrientationLandscapeLeft UIInterfaceOrientationLandscapeRight";
				INFOPLIST_KEY_UISupportedInterfaceOrientations_iPhone = "UIInterfaceOrientationPortrait UIInterfaceOrientationLandscapeLeft UIInterfaceOrientationLandscapeRight";
				IPHONEOS_DEPLOYMENT_TARGET = 17.5;
				LD_RUNPATH_SEARCH_PATHS = "@executable_path/Frameworks";
				"LD_RUNPATH_SEARCH_PATHS[sdk=macosx*]" = "@executable_path/../Frameworks";
				MACOSX_DEPLOYMENT_TARGET = 14.5;
				MARKETING_VERSION = 1.0;
				PRODUCT_BUNDLE_IDENTIFIER = com.onemorethink.FrontyardBirds;
				PRODUCT_NAME = "$(TARGET_NAME)";
				SDKROOT = auto;
				SUPPORTED_PLATFORMS = "iphoneos iphonesimulator macosx";
				SWIFT_EMIT_LOC_STRINGS = YES;
				SWIFT_VERSION = 5.0;
				TARGETED_DEVICE_FAMILY = "1,2";
			};
			name = Debug;
		};
		AFF48B342C819F8C005D45D9 /* Release */ = {
			isa = XCBuildConfiguration;
			buildSettings = {
				ALWAYS_EMBED_SWIFT_STANDARD_LIBRARIES = YES;
				ASSETCATALOG_COMPILER_APPICON_NAME = AppIcon;
				ASSETCATALOG_COMPILER_GLOBAL_ACCENT_COLOR_NAME = AccentColor;
				CODE_SIGN_ENTITLEMENTS = Multiplatform/Multiplatform.entitlements;
				CODE_SIGN_STYLE = Automatic;
				CURRENT_PROJECT_VERSION = 1;
				DEVELOPMENT_ASSET_PATHS = "";
				DEVELOPMENT_TEAM = ZWTS2P7AH7;
				ENABLE_HARDENED_RUNTIME = YES;
				ENABLE_PREVIEWS = YES;
				GENERATE_INFOPLIST_FILE = YES;
				"INFOPLIST_KEY_UIApplicationSceneManifest_Generation[sdk=iphoneos*]" = YES;
				"INFOPLIST_KEY_UIApplicationSceneManifest_Generation[sdk=iphonesimulator*]" = YES;
				"INFOPLIST_KEY_UIApplicationSupportsIndirectInputEvents[sdk=iphoneos*]" = YES;
				"INFOPLIST_KEY_UIApplicationSupportsIndirectInputEvents[sdk=iphonesimulator*]" = YES;
				"INFOPLIST_KEY_UILaunchScreen_Generation[sdk=iphoneos*]" = YES;
				"INFOPLIST_KEY_UILaunchScreen_Generation[sdk=iphonesimulator*]" = YES;
				"INFOPLIST_KEY_UIStatusBarStyle[sdk=iphoneos*]" = UIStatusBarStyleDefault;
				"INFOPLIST_KEY_UIStatusBarStyle[sdk=iphonesimulator*]" = UIStatusBarStyleDefault;
				INFOPLIST_KEY_UISupportedInterfaceOrientations_iPad = "UIInterfaceOrientationPortrait UIInterfaceOrientationPortraitUpsideDown UIInterfaceOrientationLandscapeLeft UIInterfaceOrientationLandscapeRight";
				INFOPLIST_KEY_UISupportedInterfaceOrientations_iPhone = "UIInterfaceOrientationPortrait UIInterfaceOrientationLandscapeLeft UIInterfaceOrientationLandscapeRight";
				IPHONEOS_DEPLOYMENT_TARGET = 17.5;
				LD_RUNPATH_SEARCH_PATHS = "@executable_path/Frameworks";
				"LD_RUNPATH_SEARCH_PATHS[sdk=macosx*]" = "@executable_path/../Frameworks";
				MACOSX_DEPLOYMENT_TARGET = 14.5;
				MARKETING_VERSION = 1.0;
				PRODUCT_BUNDLE_IDENTIFIER = com.onemorethink.FrontyardBirds;
				PRODUCT_NAME = "$(TARGET_NAME)";
				SDKROOT = auto;
				SUPPORTED_PLATFORMS = "iphoneos iphonesimulator macosx";
				SWIFT_EMIT_LOC_STRINGS = YES;
				SWIFT_VERSION = 5.0;
				TARGETED_DEVICE_FAMILY = "1,2";
			};
			name = Release;
		};
		AFF48B5E2C81A826005D45D9 /* Debug */ = {
			isa = XCBuildConfiguration;
			buildSettings = {
				ASSETCATALOG_COMPILER_APPICON_NAME = AppIcon;
				ASSETCATALOG_COMPILER_GLOBAL_ACCENT_COLOR_NAME = AccentColor;
				CODE_SIGN_STYLE = Automatic;
				CURRENT_PROJECT_VERSION = 1;
				DEVELOPMENT_ASSET_PATHS = "";
				DEVELOPMENT_TEAM = ZWTS2P7AH7;
				ENABLE_PREVIEWS = YES;
				GENERATE_INFOPLIST_FILE = YES;
				INFOPLIST_KEY_CFBundleDisplayName = "FrontyardBirds Watch";
				INFOPLIST_KEY_UISupportedInterfaceOrientations = "UIInterfaceOrientationPortrait UIInterfaceOrientationPortraitUpsideDown";
				INFOPLIST_KEY_WKCompanionAppBundleIdentifier = com.onemorethink.FrontyardBirds;
				LD_RUNPATH_SEARCH_PATHS = (
					"$(inherited)",
					"@executable_path/Frameworks",
				);
				MARKETING_VERSION = 1.0;
				PRODUCT_BUNDLE_IDENTIFIER = com.onemorethink.FrontyardBirds.watchkitapp;
				PRODUCT_NAME = "$(TARGET_NAME)";
				SDKROOT = watchos;
				SKIP_INSTALL = YES;
				SWIFT_EMIT_LOC_STRINGS = YES;
				SWIFT_VERSION = 5.0;
				TARGETED_DEVICE_FAMILY = 4;
				WATCHOS_DEPLOYMENT_TARGET = 10.5;
			};
			name = Debug;
		};
		AFF48B5F2C81A826005D45D9 /* Release */ = {
			isa = XCBuildConfiguration;
			buildSettings = {
				ASSETCATALOG_COMPILER_APPICON_NAME = AppIcon;
				ASSETCATALOG_COMPILER_GLOBAL_ACCENT_COLOR_NAME = AccentColor;
				CODE_SIGN_STYLE = Automatic;
				CURRENT_PROJECT_VERSION = 1;
				DEVELOPMENT_ASSET_PATHS = "";
				DEVELOPMENT_TEAM = ZWTS2P7AH7;
				ENABLE_PREVIEWS = YES;
				GENERATE_INFOPLIST_FILE = YES;
				INFOPLIST_KEY_CFBundleDisplayName = "FrontyardBirds Watch";
				INFOPLIST_KEY_UISupportedInterfaceOrientations = "UIInterfaceOrientationPortrait UIInterfaceOrientationPortraitUpsideDown";
				INFOPLIST_KEY_WKCompanionAppBundleIdentifier = com.onemorethink.FrontyardBirds;
				LD_RUNPATH_SEARCH_PATHS = (
					"$(inherited)",
					"@executable_path/Frameworks",
				);
				MARKETING_VERSION = 1.0;
				PRODUCT_BUNDLE_IDENTIFIER = com.onemorethink.FrontyardBirds.watchkitapp;
				PRODUCT_NAME = "$(TARGET_NAME)";
				SDKROOT = watchos;
				SKIP_INSTALL = YES;
				SWIFT_EMIT_LOC_STRINGS = YES;
				SWIFT_VERSION = 5.0;
				TARGETED_DEVICE_FAMILY = 4;
				VALIDATE_PRODUCT = YES;
				WATCHOS_DEPLOYMENT_TARGET = 10.5;
			};
			name = Release;
		};
		AFF48B962C81ACDE005D45D9 /* Debug */ = {
			isa = XCBuildConfiguration;
			buildSettings = {
				ASSETCATALOG_COMPILER_GLOBAL_ACCENT_COLOR_NAME = AccentColor;
				ASSETCATALOG_COMPILER_WIDGET_BACKGROUND_COLOR_NAME = WidgetBackground;
				CODE_SIGN_ENTITLEMENTS = Widgets/Widgets.entitlements;
				CODE_SIGN_STYLE = Automatic;
				CURRENT_PROJECT_VERSION = 1;
				DEVELOPMENT_TEAM = ZWTS2P7AH7;
				ENABLE_HARDENED_RUNTIME = YES;
				GENERATE_INFOPLIST_FILE = YES;
				INFOPLIST_FILE = Widgets/Info.plist;
				INFOPLIST_KEY_CFBundleDisplayName = Widgets;
				INFOPLIST_KEY_NSHumanReadableCopyright = "";
				IPHONEOS_DEPLOYMENT_TARGET = 17.5;
				LD_RUNPATH_SEARCH_PATHS = (
					"$(inherited)",
					"@executable_path/Frameworks",
					"@executable_path/../../Frameworks",
				);
				"LD_RUNPATH_SEARCH_PATHS[sdk=macosx*]" = (
					"$(inherited)",
					"@executable_path/../Frameworks",
					"@executable_path/../../../../Frameworks",
				);
				MACOSX_DEPLOYMENT_TARGET = 14.0;
				MARKETING_VERSION = 1.0;
				PRODUCT_BUNDLE_IDENTIFIER = com.onemorethink.FrontyardBirds.Widgets;
				PRODUCT_NAME = "$(TARGET_NAME)";
				SDKROOT = auto;
				SKIP_INSTALL = YES;
				SUPPORTED_PLATFORMS = "iphoneos iphonesimulator macosx watchos watchsimulator";
				SUPPORTS_MACCATALYST = NO;
				SWIFT_EMIT_LOC_STRINGS = YES;
				SWIFT_VERSION = 5.0;
				TARGETED_DEVICE_FAMILY = "1,2,4";
			};
			name = Debug;
		};
		AFF48B972C81ACDE005D45D9 /* Release */ = {
			isa = XCBuildConfiguration;
			buildSettings = {
				ASSETCATALOG_COMPILER_GLOBAL_ACCENT_COLOR_NAME = AccentColor;
				ASSETCATALOG_COMPILER_WIDGET_BACKGROUND_COLOR_NAME = WidgetBackground;
				CODE_SIGN_ENTITLEMENTS = Widgets/Widgets.entitlements;
				CODE_SIGN_STYLE = Automatic;
				CURRENT_PROJECT_VERSION = 1;
				DEVELOPMENT_TEAM = ZWTS2P7AH7;
				ENABLE_HARDENED_RUNTIME = YES;
				GENERATE_INFOPLIST_FILE = YES;
				INFOPLIST_FILE = Widgets/Info.plist;
				INFOPLIST_KEY_CFBundleDisplayName = Widgets;
				INFOPLIST_KEY_NSHumanReadableCopyright = "";
				IPHONEOS_DEPLOYMENT_TARGET = 17.5;
				LD_RUNPATH_SEARCH_PATHS = (
					"$(inherited)",
					"@executable_path/Frameworks",
					"@executable_path/../../Frameworks",
				);
				"LD_RUNPATH_SEARCH_PATHS[sdk=macosx*]" = (
					"$(inherited)",
					"@executable_path/../Frameworks",
					"@executable_path/../../../../Frameworks",
				);
				MACOSX_DEPLOYMENT_TARGET = 14.0;
				MARKETING_VERSION = 1.0;
				PRODUCT_BUNDLE_IDENTIFIER = com.onemorethink.FrontyardBirds.Widgets;
				PRODUCT_NAME = "$(TARGET_NAME)";
				SDKROOT = auto;
				SKIP_INSTALL = YES;
				SUPPORTED_PLATFORMS = "iphoneos iphonesimulator macosx watchos watchsimulator";
				SUPPORTS_MACCATALYST = NO;
				SWIFT_EMIT_LOC_STRINGS = YES;
				SWIFT_VERSION = 5.0;
				TARGETED_DEVICE_FAMILY = "1,2,4";
			};
			name = Release;
		};
/* End XCBuildConfiguration section */

/* Begin XCConfigurationList section */
		AFF48B1E2C819F8B005D45D9 /* Build configuration list for PBXProject "FrontyardBirds" */ = {
			isa = XCConfigurationList;
			buildConfigurations = (
				AFF48B302C819F8C005D45D9 /* Debug */,
				AFF48B312C819F8C005D45D9 /* Release */,
			);
			defaultConfigurationIsVisible = 0;
			defaultConfigurationName = Release;
		};
		AFF48B322C819F8C005D45D9 /* Build configuration list for PBXNativeTarget "FrontyardBirds" */ = {
			isa = XCConfigurationList;
			buildConfigurations = (
				AFF48B332C819F8C005D45D9 /* Debug */,
				AFF48B342C819F8C005D45D9 /* Release */,
			);
			defaultConfigurationIsVisible = 0;
			defaultConfigurationName = Release;
		};
		AFF48B602C81A826005D45D9 /* Build configuration list for PBXNativeTarget "FrontyardBirds Watch Watch App" */ = {
			isa = XCConfigurationList;
			buildConfigurations = (
				AFF48B5E2C81A826005D45D9 /* Debug */,
				AFF48B5F2C81A826005D45D9 /* Release */,
			);
			defaultConfigurationIsVisible = 0;
			defaultConfigurationName = Release;
		};
		AFF48B982C81ACDE005D45D9 /* Build configuration list for PBXNativeTarget "WidgetsExtension" */ = {
			isa = XCConfigurationList;
			buildConfigurations = (
				AFF48B962C81ACDE005D45D9 /* Debug */,
				AFF48B972C81ACDE005D45D9 /* Release */,
			);
			defaultConfigurationIsVisible = 0;
			defaultConfigurationName = Release;
		};
/* End XCConfigurationList section */
	};
	rootObject = AFF48B1B2C819F8B005D45D9 /* Project object */;
}
